
Microsoft Visual Studio Solution File, Format Version 12.00
# Visual Studio 15
VisualStudioVersion = 15.0.28307.539
MinimumVisualStudioVersion = 10.0.40219.1
Project("{FAE04EC0-301F-11D3-BF4B-00C04F79EFBC}") = "HybridPlaceholderExample", "HybridPlaceholderExample\HybridPlaceholderExample.csproj", "{41B6F00A-8EB5-4D50-ABCF-8A4A17E53C48}"
EndProject
Project("{FAE04EC0-301F-11D3-BF4B-00C04F79EFBC}") = "HybridPlaceholder", "HybridPlaceholder\HybridPlaceholder.csproj", "{A75EBC7D-3E3D-45B3-ABD5-A80E74CD1B1D}"
EndProject
Global
	GlobalSection(SolutionConfigurationPlatforms) = preSolution
		Debug|Any CPU = Debug|Any CPU
		Release|Any CPU = Release|Any CPU
	EndGlobalSection
	GlobalSection(ProjectConfigurationPlatforms) = postSolution
		{41B6F00A-8EB5-4D50-ABCF-8A4A17E53C48}.Debug|Any CPU.ActiveCfg = Debug|Any CPU
		{41B6F00A-8EB5-4D50-ABCF-8A4A17E53C48}.Debug|Any CPU.Build.0 = Debug|Any CPU
		{41B6F00A-8EB5-4D50-ABCF-8A4A17E53C48}.Release|Any CPU.ActiveCfg = Release|Any CPU
		{41B6F00A-8EB5-4D50-ABCF-8A4A17E53C48}.Release|Any CPU.Build.0 = Release|Any CPU
		{A75EBC7D-3E3D-45B3-ABD5-A80E74CD1B1D}.Debug|Any CPU.ActiveCfg = Debug|Any CPU
		{A75EBC7D-3E3D-45B3-ABD5-A80E74CD1B1D}.Debug|Any CPU.Build.0 = Debug|Any CPU
		{A75EBC7D-3E3D-45B3-ABD5-A80E74CD1B1D}.Release|Any CPU.ActiveCfg = Release|Any CPU
		{A75EBC7D-3E3D-45B3-ABD5-A80E74CD1B1D}.Release|Any CPU.Build.0 = Release|Any CPU
	EndGlobalSection
	GlobalSection(SolutionProperties) = preSolution
		HideSolutionNode = FALSE
	EndGlobalSection
	GlobalSection(ExtensibilityGlobals) = postSolution
		SolutionGuid = {DB98AAEC-36E9-4B0B-8D78-5EBCBD23C431}
		EnterpriseLibraryConfigurationToolBinariesPathV6 = packages\EnterpriseLibrary.Common.6.0.1304.0\lib\NET45;packages\EnterpriseLibrary.TransientFaultHandling.6.0.1304.0\lib\portable-net45+win+wp8;packages\EnterpriseLibrary.TransientFaultHandling.Caching.6.0.1304.0\lib\NET45;packages\EnterpriseLibrary.TransientFaultHandling.Data.6.0.1304.1\lib\NET45;packages\EnterpriseLibrary.TransientFaultHandling.ServiceBus.6.0.1304.0\lib\NET45;packages\EnterpriseLibrary.TransientFaultHandling.WindowsAzure.Storage.6.0.1304.0\lib\NET45;packages\EnterpriseLibrary.TransientFaultHandling.Configuration.6.0.1304.0\lib\NET45
	EndGlobalSection
EndGlobal
